// !$*UTF8*$!
{
	archiveVersion = 1;
	classes = {
	};
	objectVersion = 52;
	objects = {

/* Begin PBXBuildFile section */
		B4DA7C4F24A7373B00E278A4 /* AppDelegate.swift in Sources */ = {isa = PBXBuildFile; fileRef = B4DA7C4E24A7373B00E278A4 /* AppDelegate.swift */; };
		B4DA7C5124A7373B00E278A4 /* SceneDelegate.swift in Sources */ = {isa = PBXBuildFile; fileRef = B4DA7C5024A7373B00E278A4 /* SceneDelegate.swift */; };
		B4DA7C5324A7373B00E278A4 /* MySketch.swift in Sources */ = {isa = PBXBuildFile; fileRef = B4DA7C5224A7373B00E278A4 /* MySketch.swift */; };
		B4DA7C5524A7373B00E278A4 /* AppViewController.swift in Sources */ = {isa = PBXBuildFile; fileRef = B4DA7C5424A7373B00E278A4 /* AppViewController.swift */; };
		B4DA7C5724A7373B00E278A4 /* FaceViewController.swift in Sources */ = {isa = PBXBuildFile; fileRef = B4DA7C5624A7373B00E278A4 /* FaceViewController.swift */; };
		B4DA7C5A24A7373B00E278A4 /* Main.storyboard in Resources */ = {isa = PBXBuildFile; fileRef = B4DA7C5824A7373B00E278A4 /* Main.storyboard */; };
		B4DA7C5C24A7373E00E278A4 /* Assets.xcassets in Resources */ = {isa = PBXBuildFile; fileRef = B4DA7C5B24A7373E00E278A4 /* Assets.xcassets */; };
		B4DA7C5F24A7373E00E278A4 /* LaunchScreen.storyboard in Resources */ = {isa = PBXBuildFile; fileRef = B4DA7C5D24A7373E00E278A4 /* LaunchScreen.storyboard */; };
		B4DA7C6824A7375A00E278A4 /* SwiftProcessing in Frameworks */ = {isa = PBXBuildFile; productRef = B4DA7C6724A7375A00E278A4 /* SwiftProcessing */; };
/* End PBXBuildFile section */

/* Begin PBXFileReference section */
		B4DA7C4B24A7373B00E278A4 /* CameraBasic.app */ = {isa = PBXFileReference; explicitFileType = wrapper.application; includeInIndex = 0; path = CameraBasic.app; sourceTree = BUILT_PRODUCTS_DIR; };
		B4DA7C4E24A7373B00E278A4 /* AppDelegate.swift */ = {isa = PBXFileReference; lastKnownFileType = sourcecode.swift; path = AppDelegate.swift; sourceTree = "<group>"; };
		B4DA7C5024A7373B00E278A4 /* SceneDelegate.swift */ = {isa = PBXFileReference; lastKnownFileType = sourcecode.swift; path = SceneDelegate.swift; sourceTree = "<group>"; };
		B4DA7C5224A7373B00E278A4 /* MySketch.swift */ = {isa = PBXFileReference; lastKnownFileType = sourcecode.swift; path = MySketch.swift; sourceTree = "<group>"; };
		B4DA7C5424A7373B00E278A4 /* AppViewController.swift */ = {isa = PBXFileReference; lastKnownFileType = sourcecode.swift; path = AppViewController.swift; sourceTree = "<group>"; };
		B4DA7C5624A7373B00E278A4 /* FaceViewController.swift */ = {isa = PBXFileReference; lastKnownFileType = sourcecode.swift; path = FaceViewController.swift; sourceTree = "<group>"; };
		B4DA7C5924A7373B00E278A4 /* Base */ = {isa = PBXFileReference; lastKnownFileType = file.storyboard; name = Base; path = Base.lproj/Main.storyboard; sourceTree = "<group>"; };
		B4DA7C5B24A7373E00E278A4 /* Assets.xcassets */ = {isa = PBXFileReference; lastKnownFileType = folder.assetcatalog; path = Assets.xcassets; sourceTree = "<group>"; };
		B4DA7C5E24A7373E00E278A4 /* Base */ = {isa = PBXFileReference; lastKnownFileType = file.storyboard; name = Base; path = Base.lproj/LaunchScreen.storyboard; sourceTree = "<group>"; };
		B4DA7C6024A7373E00E278A4 /* Info.plist */ = {isa = PBXFileReference; lastKnownFileType = text.plist.xml; path = Info.plist; sourceTree = "<group>"; };
/* End PBXFileReference section */

/* Begin PBXFrameworksBuildPhase section */
		B4DA7C4824A7373B00E278A4 /* Frameworks */ = {
			isa = PBXFrameworksBuildPhase;
			buildActionMask = 2147483647;
			files = (
				B4DA7C6824A7375A00E278A4 /* SwiftProcessing in Frameworks */,
			);
			runOnlyForDeploymentPostprocessing = 0;
		};
/* End PBXFrameworksBuildPhase section */

/* Begin PBXGroup section */
		B4DA7C4224A7373B00E278A4 = {
			isa = PBXGroup;
			children = (
				B4DA7C4D24A7373B00E278A4 /* CameraBasic */,
				B4DA7C4C24A7373B00E278A4 /* Products */,
			);
			sourceTree = "<group>";
		};
		B4DA7C4C24A7373B00E278A4 /* Products */ = {
			isa = PBXGroup;
			children = (
				B4DA7C4B24A7373B00E278A4 /* CameraBasic.app */,
			);
			name = Products;
			sourceTree = "<group>";
		};
		B4DA7C4D24A7373B00E278A4 /* CameraBasic */ = {
			isa = PBXGroup;
			children = (
				B4DA7C4E24A7373B00E278A4 /* AppDelegate.swift */,
				B4DA7C5024A7373B00E278A4 /* SceneDelegate.swift */,
				B4DA7C5224A7373B00E278A4 /* MySketch.swift */,
				B4DA7C5424A7373B00E278A4 /* AppViewController.swift */,
				B4DA7C5624A7373B00E278A4 /* FaceViewController.swift */,
				B4DA7C5824A7373B00E278A4 /* Main.storyboard */,
				B4DA7C5B24A7373E00E278A4 /* Assets.xcassets */,
				B4DA7C5D24A7373E00E278A4 /* LaunchScreen.storyboard */,
				B4DA7C6024A7373E00E278A4 /* Info.plist */,
			);
			path = CameraBasic;
			sourceTree = "<group>";
		};
/* End PBXGroup section */

/* Begin PBXNativeTarget section */
		B4DA7C4A24A7373B00E278A4 /* CameraBasic */ = {
			isa = PBXNativeTarget;
			buildConfigurationList = B4DA7C6324A7373E00E278A4 /* Build configuration list for PBXNativeTarget "CameraBasic" */;
			buildPhases = (
				B4DA7C4724A7373B00E278A4 /* Sources */,
				B4DA7C4824A7373B00E278A4 /* Frameworks */,
				B4DA7C4924A7373B00E278A4 /* Resources */,
			);
			buildRules = (
			);
			dependencies = (
			);
			name = CameraBasic;
			packageProductDependencies = (
				B4DA7C6724A7375A00E278A4 /* SwiftProcessing */,
			);
			productName = CameraBasic;
			productReference = B4DA7C4B24A7373B00E278A4 /* CameraBasic.app */;
			productType = "com.apple.product-type.application";
		};
/* End PBXNativeTarget section */

/* Begin PBXProject section */
		B4DA7C4324A7373B00E278A4 /* Project object */ = {
			isa = PBXProject;
			attributes = {
				LastSwiftUpdateCheck = 1150;
				LastUpgradeCheck = 1150;
				ORGANIZATIONNAME = "Juan Lee";
				TargetAttributes = {
					B4DA7C4A24A7373B00E278A4 = {
						CreatedOnToolsVersion = 11.5;
					};
				};
			};
			buildConfigurationList = B4DA7C4624A7373B00E278A4 /* Build configuration list for PBXProject "CameraBasic" */;
			compatibilityVersion = "Xcode 9.3";
			developmentRegion = en;
			hasScannedForEncodings = 0;
			knownRegions = (
				en,
				Base,
			);
			mainGroup = B4DA7C4224A7373B00E278A4;
			packageReferences = (
				B4DA7C6624A7375A00E278A4 /* XCRemoteSwiftPackageReference "SwiftProcessing" */,
			);
			productRefGroup = B4DA7C4C24A7373B00E278A4 /* Products */;
			projectDirPath = "";
			projectRoot = "";
			targets = (
				B4DA7C4A24A7373B00E278A4 /* CameraBasic */,
			);
		};
/* End PBXProject section */

/* Begin PBXResourcesBuildPhase section */
		B4DA7C4924A7373B00E278A4 /* Resources */ = {
			isa = PBXResourcesBuildPhase;
			buildActionMask = 2147483647;
			files = (
				B4DA7C5F24A7373E00E278A4 /* LaunchScreen.storyboard in Resources */,
				B4DA7C5C24A7373E00E278A4 /* Assets.xcassets in Resources */,
				B4DA7C5A24A7373B00E278A4 /* Main.storyboard in Resources */,
			);
			runOnlyForDeploymentPostprocessing = 0;
		};
/* End PBXResourcesBuildPhase section */

/* Begin PBXSourcesBuildPhase section */
		B4DA7C4724A7373B00E278A4 /* Sources */ = {
			isa = PBXSourcesBuildPhase;
			buildActionMask = 2147483647;
			files = (
				B4DA7C4F24A7373B00E278A4 /* AppDelegate.swift in Sources */,
				B4DA7C5124A7373B00E278A4 /* SceneDelegate.swift in Sources */,
				B4DA7C5724A7373B00E278A4 /* FaceViewController.swift in Sources */,
				B4DA7C5524A7373B00E278A4 /* AppViewController.swift in Sources */,
				B4DA7C5324A7373B00E278A4 /* MySketch.swift in Sources */,
			);
			runOnlyForDeploymentPostprocessing = 0;
		};
/* End PBXSourcesBuildPhase section */

/* Begin PBXVariantGroup section */
		B4DA7C5824A7373B00E278A4 /* Main.storyboard */ = {
			isa = PBXVariantGroup;
			children = (
				B4DA7C5924A7373B00E278A4 /* Base */,
			);
			name = Main.storyboard;
			sourceTree = "<group>";
		};
		B4DA7C5D24A7373E00E278A4 /* LaunchScreen.storyboard */ = {
			isa = PBXVariantGroup;
			children = (
				B4DA7C5E24A7373E00E278A4 /* Base */,
			);
			name = LaunchScreen.storyboard;
			sourceTree = "<group>";
		};
/* End PBXVariantGroup section */

/* Begin XCBuildConfiguration section */
		B4DA7C6124A7373E00E278A4 /* Debug */ = {
			isa = XCBuildConfiguration;
			buildSettings = {
				ALWAYS_SEARCH_USER_PATHS = NO;
				CLANG_ANALYZER_NONNULL = YES;
				CLANG_ANALYZER_NUMBER_OBJECT_CONVERSION = YES_AGGRESSIVE;
				CLANG_CXX_LANGUAGE_STANDARD = "gnu++14";
				CLANG_CXX_LIBRARY = "libc++";
				CLANG_ENABLE_MODULES = YES;
				CLANG_ENABLE_OBJC_ARC = YES;
				CLANG_ENABLE_OBJC_WEAK = YES;
				CLANG_WARN_BLOCK_CAPTURE_AUTORELEASING = YES;
				CLANG_WARN_BOOL_CONVERSION = YES;
				CLANG_WARN_COMMA = YES;
				CLANG_WARN_CONSTANT_CONVERSION = YES;
				CLANG_WARN_DEPRECATED_OBJC_IMPLEMENTATIONS = YES;
				CLANG_WARN_DIRECT_OBJC_ISA_USAGE = YES_ERROR;
				CLANG_WARN_DOCUMENTATION_COMMENTS = YES;
				CLANG_WARN_EMPTY_BODY = YES;
				CLANG_WARN_ENUM_CONVERSION = YES;
				CLANG_WARN_INFINITE_RECURSION = YES;
				CLANG_WARN_INT_CONVERSION = YES;
				CLANG_WARN_NON_LITERAL_NULL_CONVERSION = YES;
				CLANG_WARN_OBJC_IMPLICIT_RETAIN_SELF = YES;
				CLANG_WARN_OBJC_LITERAL_CONVERSION = YES;
				CLANG_WARN_OBJC_ROOT_CLASS = YES_ERROR;
				CLANG_WARN_RANGE_LOOP_ANALYSIS = YES;
				CLANG_WARN_STRICT_PROTOTYPES = YES;
				CLANG_WARN_SUSPICIOUS_MOVE = YES;
				CLANG_WARN_UNGUARDED_AVAILABILITY = YES_AGGRESSIVE;
				CLANG_WARN_UNREACHABLE_CODE = YES;
				CLANG_WARN__DUPLICATE_METHOD_MATCH = YES;
				COPY_PHASE_STRIP = NO;
				DEBUG_INFORMATION_FORMAT = dwarf;
				ENABLE_STRICT_OBJC_MSGSEND = YES;
				ENABLE_TESTABILITY = YES;
				GCC_C_LANGUAGE_STANDARD = gnu11;
				GCC_DYNAMIC_NO_PIC = NO;
				GCC_NO_COMMON_BLOCKS = YES;
				GCC_OPTIMIZATION_LEVEL = 0;
				GCC_PREPROCESSOR_DEFINITIONS = (
					"DEBUG=1",
					"$(inherited)",
				);
				GCC_WARN_64_TO_32_BIT_CONVERSION = YES;
				GCC_WARN_ABOUT_RETURN_TYPE = YES_ERROR;
				GCC_WARN_UNDECLARED_SELECTOR = YES;
				GCC_WARN_UNINITIALIZED_AUTOS = YES_AGGRESSIVE;
				GCC_WARN_UNUSED_FUNCTION = YES;
				GCC_WARN_UNUSED_VARIABLE = YES;
				IPHONEOS_DEPLOYMENT_TARGET = 13.5;
				MTL_ENABLE_DEBUG_INFO = INCLUDE_SOURCE;
				MTL_FAST_MATH = YES;
				ONLY_ACTIVE_ARCH = YES;
				SDKROOT = iphoneos;
				SWIFT_ACTIVE_COMPILATION_CONDITIONS = DEBUG;
				SWIFT_OPTIMIZATION_LEVEL = "-Onone";
			};
			name = Debug;
		};
		B4DA7C6224A7373E00E278A4 /* Release */ = {
			isa = XCBuildConfiguration;
			buildSettings = {
				ALWAYS_SEARCH_USER_PATHS = NO;
				CLANG_ANALYZER_NONNULL = YES;
				CLANG_ANALYZER_NUMBER_OBJECT_CONVERSION = YES_AGGRESSIVE;
				CLANG_CXX_LANGUAGE_STANDARD = "gnu++14";
				CLANG_CXX_LIBRARY = "libc++";
				CLANG_ENABLE_MODULES = YES;
				CLANG_ENABLE_OBJC_ARC = YES;
				CLANG_ENABLE_OBJC_WEAK = YES;
				CLANG_WARN_BLOCK_CAPTURE_AUTORELEASING = YES;
				CLANG_WARN_BOOL_CONVERSION = YES;
				CLANG_WARN_COMMA = YES;
				CLANG_WARN_CONSTANT_CONVERSION = YES;
				CLANG_WARN_DEPRECATED_OBJC_IMPLEMENTATIONS = YES;
				CLANG_WARN_DIRECT_OBJC_ISA_USAGE = YES_ERROR;
				CLANG_WARN_DOCUMENTATION_COMMENTS = YES;
				CLANG_WARN_EMPTY_BODY = YES;
				CLANG_WARN_ENUM_CONVERSION = YES;
				CLANG_WARN_INFINITE_RECURSION = YES;
				CLANG_WARN_INT_CONVERSION = YES;
				CLANG_WARN_NON_LITERAL_NULL_CONVERSION = YES;
				CLANG_WARN_OBJC_IMPLICIT_RETAIN_SELF = YES;
				CLANG_WARN_OBJC_LITERAL_CONVERSION = YES;
				CLANG_WARN_OBJC_ROOT_CLASS = YES_ERROR;
				CLANG_WARN_RANGE_LOOP_ANALYSIS = YES;
				CLANG_WARN_STRICT_PROTOTYPES = YES;
				CLANG_WARN_SUSPICIOUS_MOVE = YES;
				CLANG_WARN_UNGUARDED_AVAILABILITY = YES_AGGRESSIVE;
				CLANG_WARN_UNREACHABLE_CODE = YES;
				CLANG_WARN__DUPLICATE_METHOD_MATCH = YES;
				COPY_PHASE_STRIP = NO;
				DEBUG_INFORMATION_FORMAT = "dwarf-with-dsym";
				ENABLE_NS_ASSERTIONS = NO;
				ENABLE_STRICT_OBJC_MSGSEND = YES;
				GCC_C_LANGUAGE_STANDARD = gnu11;
				GCC_NO_COMMON_BLOCKS = YES;
				GCC_WARN_64_TO_32_BIT_CONVERSION = YES;
				GCC_WARN_ABOUT_RETURN_TYPE = YES_ERROR;
				GCC_WARN_UNDECLARED_SELECTOR = YES;
				GCC_WARN_UNINITIALIZED_AUTOS = YES_AGGRESSIVE;
				GCC_WARN_UNUSED_FUNCTION = YES;
				GCC_WARN_UNUSED_VARIABLE = YES;
				IPHONEOS_DEPLOYMENT_TARGET = 13.5;
				MTL_ENABLE_DEBUG_INFO = NO;
				MTL_FAST_MATH = YES;
				SDKROOT = iphoneos;
				SWIFT_COMPILATION_MODE = wholemodule;
				SWIFT_OPTIMIZATION_LEVEL = "-O";
				VALIDATE_PRODUCT = YES;
			};
			name = Release;
		};
		B4DA7C6424A7373E00E278A4 /* Debug */ = {
			isa = XCBuildConfiguration;
			buildSettings = {
				ASSETCATALOG_COMPILER_APPICON_NAME = AppIcon;
				CODE_SIGN_STYLE = Automatic;
				DEVELOPMENT_TEAM = 95J2Y4V3N7;
				INFOPLIST_FILE = CameraBasic/Info.plist;
				LD_RUNPATH_SEARCH_PATHS = (
					"$(inherited)",
					"@executable_path/Frameworks",
				);
				PRODUCT_BUNDLE_IDENTIFIER = JLee.CameraBasic;
				PRODUCT_NAME = "$(TARGET_NAME)";
				SWIFT_VERSION = 5.0;
				TARGETED_DEVICE_FAMILY = "1,2";
			};
			name = Debug;
		};
		B4DA7C6524A7373E00E278A4 /* Release */ = {
			isa = XCBuildConfiguration;
			buildSettings = {
				ASSETCATALOG_COMPILER_APPICON_NAME = AppIcon;
				CODE_SIGN_STYLE = Automatic;
				DEVELOPMENT_TEAM = 95J2Y4V3N7;
				INFOPLIST_FILE = CameraBasic/Info.plist;
				LD_RUNPATH_SEARCH_PATHS = (
					"$(inherited)",
					"@executable_path/Frameworks",
				);
				PRODUCT_BUNDLE_IDENTIFIER = JLee.CameraBasic;
				PRODUCT_NAME = "$(TARGET_NAME)";
				SWIFT_VERSION = 5.0;
				TARGETED_DEVICE_FAMILY = "1,2";
			};
			name = Release;
		};
/* End XCBuildConfiguration section */

/* Begin XCConfigurationList section */
		B4DA7C4624A7373B00E278A4 /* Build configuration list for PBXProject "CameraBasic" */ = {
			isa = XCConfigurationList;
			buildConfigurations = (
				B4DA7C6124A7373E00E278A4 /* Debug */,
				B4DA7C6224A7373E00E278A4 /* Release */,
			);
			defaultConfigurationIsVisible = 0;
			defaultConfigurationName = Release;
		};
		B4DA7C6324A7373E00E278A4 /* Build configuration list for PBXNativeTarget "CameraBasic" */ = {
			isa = XCConfigurationList;
			buildConfigurations = (
				B4DA7C6424A7373E00E278A4 /* Debug */,
				B4DA7C6524A7373E00E278A4 /* Release */,
			);
			defaultConfigurationIsVisible = 0;
			defaultConfigurationName = Release;
		};
/* End XCConfigurationList section */

/* Begin XCRemoteSwiftPackageReference section */
		B4DA7C6624A7375A00E278A4 /* XCRemoteSwiftPackageReference "SwiftProcessing" */ = {
			isa = XCRemoteSwiftPackageReference;
			repositoryURL = "https://github.com/jjkaufman/SwiftProcessing";
			requirement = {
				branch = master;
				kind = branch;
			};
		};
/* End XCRemoteSwiftPackageReference section */

/* Begin XCSwiftPackageProductDependency section */
		B4DA7C6724A7375A00E278A4 /* SwiftProcessing */ = {
			isa = XCSwiftPackageProductDependency;
			package = B4DA7C6624A7375A00E278A4 /* XCRemoteSwiftPackageReference "SwiftProcessing" */;
			productName = SwiftProcessing;
		};
/* End XCSwiftPackageProductDependency section */
	};
	rootObject = B4DA7C4324A7373B00E278A4 /* Project object */;
}
