// !$*UTF8*$!
{
	archiveVersion = 1;
	classes = {
	};
	objectVersion = 52;
	objects = {

/* Begin PBXBuildFile section */
		F0D39AA62389E37600E9BBC9 /* AppDelegate.swift in Sources */ = {isa = PBXBuildFile; fileRef = F0D39AA52389E37600E9BBC9 /* AppDelegate.swift */; };
		F0D39AA82389E37600E9BBC9 /* SceneDelegate.swift in Sources */ = {isa = PBXBuildFile; fileRef = F0D39AA72389E37600E9BBC9 /* SceneDelegate.swift */; };
		F0D39AAA2389E37600E9BBC9 /* MySketch.swift in Sources */ = {isa = PBXBuildFile; fileRef = F0D39AA92389E37600E9BBC9 /* MySketch.swift */; };
		F0D39AAC2389E37600E9BBC9 /* AppViewController.swift in Sources */ = {isa = PBXBuildFile; fileRef = F0D39AAB2389E37600E9BBC9 /* AppViewController.swift */; };
		F0D39AAE2389E37600E9BBC9 /* FaceViewController.swift in Sources */ = {isa = PBXBuildFile; fileRef = F0D39AAD2389E37600E9BBC9 /* FaceViewController.swift */; };
		F0D39AB12389E37600E9BBC9 /* Main.storyboard in Resources */ = {isa = PBXBuildFile; fileRef = F0D39AAF2389E37600E9BBC9 /* Main.storyboard */; };
		F0D39AB32389E37700E9BBC9 /* Assets.xcassets in Resources */ = {isa = PBXBuildFile; fileRef = F0D39AB22389E37700E9BBC9 /* Assets.xcassets */; };
		F0D39AB62389E37700E9BBC9 /* LaunchScreen.storyboard in Resources */ = {isa = PBXBuildFile; fileRef = F0D39AB42389E37700E9BBC9 /* LaunchScreen.storyboard */; };
		F0D39AC22389E49500E9BBC9 /* SwiftProcessing in Frameworks */ = {isa = PBXBuildFile; productRef = F0D39AC12389E49500E9BBC9 /* SwiftProcessing */; };
/* End PBXBuildFile section */

/* Begin PBXFileReference section */
		F0D39AA22389E37500E9BBC9 /* Snowflakes.app */ = {isa = PBXFileReference; explicitFileType = wrapper.application; includeInIndex = 0; path = Snowflakes.app; sourceTree = BUILT_PRODUCTS_DIR; };
		F0D39AA52389E37600E9BBC9 /* AppDelegate.swift */ = {isa = PBXFileReference; lastKnownFileType = sourcecode.swift; path = AppDelegate.swift; sourceTree = "<group>"; };
		F0D39AA72389E37600E9BBC9 /* SceneDelegate.swift */ = {isa = PBXFileReference; lastKnownFileType = sourcecode.swift; path = SceneDelegate.swift; sourceTree = "<group>"; };
		F0D39AA92389E37600E9BBC9 /* MySketch.swift */ = {isa = PBXFileReference; lastKnownFileType = sourcecode.swift; path = MySketch.swift; sourceTree = "<group>"; };
		F0D39AAB2389E37600E9BBC9 /* AppViewController.swift */ = {isa = PBXFileReference; lastKnownFileType = sourcecode.swift; path = AppViewController.swift; sourceTree = "<group>"; };
		F0D39AAD2389E37600E9BBC9 /* FaceViewController.swift */ = {isa = PBXFileReference; lastKnownFileType = sourcecode.swift; path = FaceViewController.swift; sourceTree = "<group>"; };
		F0D39AB02389E37600E9BBC9 /* Base */ = {isa = PBXFileReference; lastKnownFileType = file.storyboard; name = Base; path = Base.lproj/Main.storyboard; sourceTree = "<group>"; };
		F0D39AB22389E37700E9BBC9 /* Assets.xcassets */ = {isa = PBXFileReference; lastKnownFileType = folder.assetcatalog; path = Assets.xcassets; sourceTree = "<group>"; };
		F0D39AB52389E37700E9BBC9 /* Base */ = {isa = PBXFileReference; lastKnownFileType = file.storyboard; name = Base; path = Base.lproj/LaunchScreen.storyboard; sourceTree = "<group>"; };
		F0D39AB72389E37700E9BBC9 /* Info.plist */ = {isa = PBXFileReference; lastKnownFileType = text.plist.xml; path = Info.plist; sourceTree = "<group>"; };
/* End PBXFileReference section */

/* Begin PBXFrameworksBuildPhase section */
		F0D39A9F2389E37500E9BBC9 /* Frameworks */ = {
			isa = PBXFrameworksBuildPhase;
			buildActionMask = 2147483647;
			files = (
				F0D39AC22389E49500E9BBC9 /* SwiftProcessing in Frameworks */,
			);
			runOnlyForDeploymentPostprocessing = 0;
		};
/* End PBXFrameworksBuildPhase section */

/* Begin PBXGroup section */
		F0D39A992389E37500E9BBC9 = {
			isa = PBXGroup;
			children = (
				F0D39AA42389E37500E9BBC9 /* Snowflakes */,
				F0D39AA32389E37500E9BBC9 /* Products */,
			);
			sourceTree = "<group>";
		};
		F0D39AA32389E37500E9BBC9 /* Products */ = {
			isa = PBXGroup;
			children = (
				F0D39AA22389E37500E9BBC9 /* Snowflakes.app */,
			);
			name = Products;
			sourceTree = "<group>";
		};
		F0D39AA42389E37500E9BBC9 /* Snowflakes */ = {
			isa = PBXGroup;
			children = (
				F0D39AA52389E37600E9BBC9 /* AppDelegate.swift */,
				F0D39AA72389E37600E9BBC9 /* SceneDelegate.swift */,
				F0D39AA92389E37600E9BBC9 /* MySketch.swift */,
				F0D39AAB2389E37600E9BBC9 /* AppViewController.swift */,
				F0D39AAD2389E37600E9BBC9 /* FaceViewController.swift */,
				F0D39AAF2389E37600E9BBC9 /* Main.storyboard */,
				F0D39AB22389E37700E9BBC9 /* Assets.xcassets */,
				F0D39AB42389E37700E9BBC9 /* LaunchScreen.storyboard */,
				F0D39AB72389E37700E9BBC9 /* Info.plist */,
			);
			path = Snowflakes;
			sourceTree = "<group>";
		};
/* End PBXGroup section */

/* Begin PBXNativeTarget section */
		F0D39AA12389E37500E9BBC9 /* Snowflakes */ = {
			isa = PBXNativeTarget;
			buildConfigurationList = F0D39ABA2389E37700E9BBC9 /* Build configuration list for PBXNativeTarget "Snowflakes" */;
			buildPhases = (
				F0D39A9E2389E37500E9BBC9 /* Sources */,
				F0D39A9F2389E37500E9BBC9 /* Frameworks */,
				F0D39AA02389E37500E9BBC9 /* Resources */,
			);
			buildRules = (
			);
			dependencies = (
			);
			name = Snowflakes;
			packageProductDependencies = (
				F0D39AC12389E49500E9BBC9 /* SwiftProcessing */,
			);
			productName = Snowflakes;
			productReference = F0D39AA22389E37500E9BBC9 /* Snowflakes.app */;
			productType = "com.apple.product-type.application";
		};
/* End PBXNativeTarget section */

/* Begin PBXProject section */
		F0D39A9A2389E37500E9BBC9 /* Project object */ = {
			isa = PBXProject;
			attributes = {
				LastSwiftUpdateCheck = 1120;
				LastUpgradeCheck = 1120;
				ORGANIZATIONNAME = "Swift Processing";
				TargetAttributes = {
					F0D39AA12389E37500E9BBC9 = {
						CreatedOnToolsVersion = 11.2.1;
					};
				};
			};
			buildConfigurationList = F0D39A9D2389E37500E9BBC9 /* Build configuration list for PBXProject "Snowflakes" */;
			compatibilityVersion = "Xcode 9.3";
			developmentRegion = en;
			hasScannedForEncodings = 0;
			knownRegions = (
				en,
				Base,
			);
			mainGroup = F0D39A992389E37500E9BBC9;
			packageReferences = (
				F0D39AC02389E49500E9BBC9 /* XCRemoteSwiftPackageReference "SwiftProcessing" */,
			);
			productRefGroup = F0D39AA32389E37500E9BBC9 /* Products */;
			projectDirPath = "";
			projectRoot = "";
			targets = (
				F0D39AA12389E37500E9BBC9 /* Snowflakes */,
			);
		};
/* End PBXProject section */

/* Begin PBXResourcesBuildPhase section */
		F0D39AA02389E37500E9BBC9 /* Resources */ = {
			isa = PBXResourcesBuildPhase;
			buildActionMask = 2147483647;
			files = (
				F0D39AB62389E37700E9BBC9 /* LaunchScreen.storyboard in Resources */,
				F0D39AB32389E37700E9BBC9 /* Assets.xcassets in Resources */,
				F0D39AB12389E37600E9BBC9 /* Main.storyboard in Resources */,
			);
			runOnlyForDeploymentPostprocessing = 0;
		};
/* End PBXResourcesBuildPhase section */

/* Begin PBXSourcesBuildPhase section */
		F0D39A9E2389E37500E9BBC9 /* Sources */ = {
			isa = PBXSourcesBuildPhase;
			buildActionMask = 2147483647;
			files = (
				F0D39AA62389E37600E9BBC9 /* AppDelegate.swift in Sources */,
				F0D39AA82389E37600E9BBC9 /* SceneDelegate.swift in Sources */,
				F0D39AAE2389E37600E9BBC9 /* FaceViewController.swift in Sources */,
				F0D39AAC2389E37600E9BBC9 /* AppViewController.swift in Sources */,
				F0D39AAA2389E37600E9BBC9 /* MySketch.swift in Sources */,
			);
			runOnlyForDeploymentPostprocessing = 0;
		};
/* End PBXSourcesBuildPhase section */

/* Begin PBXVariantGroup section */
		F0D39AAF2389E37600E9BBC9 /* Main.storyboard */ = {
			isa = PBXVariantGroup;
			children = (
				F0D39AB02389E37600E9BBC9 /* Base */,
			);
			name = Main.storyboard;
			sourceTree = "<group>";
		};
		F0D39AB42389E37700E9BBC9 /* LaunchScreen.storyboard */ = {
			isa = PBXVariantGroup;
			children = (
				F0D39AB52389E37700E9BBC9 /* Base */,
			);
			name = LaunchScreen.storyboard;
			sourceTree = "<group>";
		};
/* End PBXVariantGroup section */

/* Begin XCBuildConfiguration section */
		F0D39AB82389E37700E9BBC9 /* Debug */ = {
			isa = XCBuildConfiguration;
			buildSettings = {
				ALWAYS_SEARCH_USER_PATHS = NO;
				CLANG_ANALYZER_NONNULL = YES;
				CLANG_ANALYZER_NUMBER_OBJECT_CONVERSION = YES_AGGRESSIVE;
				CLANG_CXX_LANGUAGE_STANDARD = "gnu++14";
				CLANG_CXX_LIBRARY = "libc++";
				CLANG_ENABLE_MODULES = YES;
				CLANG_ENABLE_OBJC_ARC = YES;
				CLANG_ENABLE_OBJC_WEAK = YES;
				CLANG_WARN_BLOCK_CAPTURE_AUTORELEASING = YES;
				CLANG_WARN_BOOL_CONVERSION = YES;
				CLANG_WARN_COMMA = YES;
				CLANG_WARN_CONSTANT_CONVERSION = YES;
				CLANG_WARN_DEPRECATED_OBJC_IMPLEMENTATIONS = YES;
				CLANG_WARN_DIRECT_OBJC_ISA_USAGE = YES_ERROR;
				CLANG_WARN_DOCUMENTATION_COMMENTS = YES;
				CLANG_WARN_EMPTY_BODY = YES;
				CLANG_WARN_ENUM_CONVERSION = YES;
				CLANG_WARN_INFINITE_RECURSION = YES;
				CLANG_WARN_INT_CONVERSION = YES;
				CLANG_WARN_NON_LITERAL_NULL_CONVERSION = YES;
				CLANG_WARN_OBJC_IMPLICIT_RETAIN_SELF = YES;
				CLANG_WARN_OBJC_LITERAL_CONVERSION = YES;
				CLANG_WARN_OBJC_ROOT_CLASS = YES_ERROR;
				CLANG_WARN_RANGE_LOOP_ANALYSIS = YES;
				CLANG_WARN_STRICT_PROTOTYPES = YES;
				CLANG_WARN_SUSPICIOUS_MOVE = YES;
				CLANG_WARN_UNGUARDED_AVAILABILITY = YES_AGGRESSIVE;
				CLANG_WARN_UNREACHABLE_CODE = YES;
				CLANG_WARN__DUPLICATE_METHOD_MATCH = YES;
				COPY_PHASE_STRIP = NO;
				DEBUG_INFORMATION_FORMAT = dwarf;
				ENABLE_STRICT_OBJC_MSGSEND = YES;
				ENABLE_TESTABILITY = YES;
				GCC_C_LANGUAGE_STANDARD = gnu11;
				GCC_DYNAMIC_NO_PIC = NO;
				GCC_NO_COMMON_BLOCKS = YES;
				GCC_OPTIMIZATION_LEVEL = 0;
				GCC_PREPROCESSOR_DEFINITIONS = (
					"DEBUG=1",
					"$(inherited)",
				);
				GCC_WARN_64_TO_32_BIT_CONVERSION = YES;
				GCC_WARN_ABOUT_RETURN_TYPE = YES_ERROR;
				GCC_WARN_UNDECLARED_SELECTOR = YES;
				GCC_WARN_UNINITIALIZED_AUTOS = YES_AGGRESSIVE;
				GCC_WARN_UNUSED_FUNCTION = YES;
				GCC_WARN_UNUSED_VARIABLE = YES;
				IPHONEOS_DEPLOYMENT_TARGET = 13.2;
				MTL_ENABLE_DEBUG_INFO = INCLUDE_SOURCE;
				MTL_FAST_MATH = YES;
				ONLY_ACTIVE_ARCH = YES;
				SDKROOT = iphoneos;
				SWIFT_ACTIVE_COMPILATION_CONDITIONS = DEBUG;
				SWIFT_OPTIMIZATION_LEVEL = "-Onone";
			};
			name = Debug;
		};
		F0D39AB92389E37700E9BBC9 /* Release */ = {
			isa = XCBuildConfiguration;
			buildSettings = {
				ALWAYS_SEARCH_USER_PATHS = NO;
				CLANG_ANALYZER_NONNULL = YES;
				CLANG_ANALYZER_NUMBER_OBJECT_CONVERSION = YES_AGGRESSIVE;
				CLANG_CXX_LANGUAGE_STANDARD = "gnu++14";
				CLANG_CXX_LIBRARY = "libc++";
				CLANG_ENABLE_MODULES = YES;
				CLANG_ENABLE_OBJC_ARC = YES;
				CLANG_ENABLE_OBJC_WEAK = YES;
				CLANG_WARN_BLOCK_CAPTURE_AUTORELEASING = YES;
				CLANG_WARN_BOOL_CONVERSION = YES;
				CLANG_WARN_COMMA = YES;
				CLANG_WARN_CONSTANT_CONVERSION = YES;
				CLANG_WARN_DEPRECATED_OBJC_IMPLEMENTATIONS = YES;
				CLANG_WARN_DIRECT_OBJC_ISA_USAGE = YES_ERROR;
				CLANG_WARN_DOCUMENTATION_COMMENTS = YES;
				CLANG_WARN_EMPTY_BODY = YES;
				CLANG_WARN_ENUM_CONVERSION = YES;
				CLANG_WARN_INFINITE_RECURSION = YES;
				CLANG_WARN_INT_CONVERSION = YES;
				CLANG_WARN_NON_LITERAL_NULL_CONVERSION = YES;
				CLANG_WARN_OBJC_IMPLICIT_RETAIN_SELF = YES;
				CLANG_WARN_OBJC_LITERAL_CONVERSION = YES;
				CLANG_WARN_OBJC_ROOT_CLASS = YES_ERROR;
				CLANG_WARN_RANGE_LOOP_ANALYSIS = YES;
				CLANG_WARN_STRICT_PROTOTYPES = YES;
				CLANG_WARN_SUSPICIOUS_MOVE = YES;
				CLANG_WARN_UNGUARDED_AVAILABILITY = YES_AGGRESSIVE;
				CLANG_WARN_UNREACHABLE_CODE = YES;
				CLANG_WARN__DUPLICATE_METHOD_MATCH = YES;
				COPY_PHASE_STRIP = NO;
				DEBUG_INFORMATION_FORMAT = "dwarf-with-dsym";
				ENABLE_NS_ASSERTIONS = NO;
				ENABLE_STRICT_OBJC_MSGSEND = YES;
				GCC_C_LANGUAGE_STANDARD = gnu11;
				GCC_NO_COMMON_BLOCKS = YES;
				GCC_WARN_64_TO_32_BIT_CONVERSION = YES;
				GCC_WARN_ABOUT_RETURN_TYPE = YES_ERROR;
				GCC_WARN_UNDECLARED_SELECTOR = YES;
				GCC_WARN_UNINITIALIZED_AUTOS = YES_AGGRESSIVE;
				GCC_WARN_UNUSED_FUNCTION = YES;
				GCC_WARN_UNUSED_VARIABLE = YES;
				IPHONEOS_DEPLOYMENT_TARGET = 13.2;
				MTL_ENABLE_DEBUG_INFO = NO;
				MTL_FAST_MATH = YES;
				SDKROOT = iphoneos;
				SWIFT_COMPILATION_MODE = wholemodule;
				SWIFT_OPTIMIZATION_LEVEL = "-O";
				VALIDATE_PRODUCT = YES;
			};
			name = Release;
		};
		F0D39ABB2389E37700E9BBC9 /* Debug */ = {
			isa = XCBuildConfiguration;
			buildSettings = {
				ASSETCATALOG_COMPILER_APPICON_NAME = AppIcon;
				CODE_SIGN_STYLE = Automatic;
				DEVELOPMENT_TEAM = D453255773;
				INFOPLIST_FILE = Snowflakes/Info.plist;
				LD_RUNPATH_SEARCH_PATHS = (
					"$(inherited)",
					"@executable_path/Frameworks",
				);
				PRODUCT_BUNDLE_IDENTIFIER = swiftprocessing.Snowflakes;
				PRODUCT_NAME = "$(TARGET_NAME)";
				SWIFT_VERSION = 5.0;
				TARGETED_DEVICE_FAMILY = "1,2";
			};
			name = Debug;
		};
		F0D39ABC2389E37700E9BBC9 /* Release */ = {
			isa = XCBuildConfiguration;
			buildSettings = {
				ASSETCATALOG_COMPILER_APPICON_NAME = AppIcon;
				CODE_SIGN_STYLE = Automatic;
				DEVELOPMENT_TEAM = D453255773;
				INFOPLIST_FILE = Snowflakes/Info.plist;
				LD_RUNPATH_SEARCH_PATHS = (
					"$(inherited)",
					"@executable_path/Frameworks",
				);
				PRODUCT_BUNDLE_IDENTIFIER = swiftprocessing.Snowflakes;
				PRODUCT_NAME = "$(TARGET_NAME)";
				SWIFT_VERSION = 5.0;
				TARGETED_DEVICE_FAMILY = "1,2";
			};
			name = Release;
		};
/* End XCBuildConfiguration section */

/* Begin XCConfigurationList section */
		F0D39A9D2389E37500E9BBC9 /* Build configuration list for PBXProject "Snowflakes" */ = {
			isa = XCConfigurationList;
			buildConfigurations = (
				F0D39AB82389E37700E9BBC9 /* Debug */,
				F0D39AB92389E37700E9BBC9 /* Release */,
			);
			defaultConfigurationIsVisible = 0;
			defaultConfigurationName = Release;
		};
		F0D39ABA2389E37700E9BBC9 /* Build configuration list for PBXNativeTarget "Snowflakes" */ = {
			isa = XCConfigurationList;
			buildConfigurations = (
				F0D39ABB2389E37700E9BBC9 /* Debug */,
				F0D39ABC2389E37700E9BBC9 /* Release */,
			);
			defaultConfigurationIsVisible = 0;
			defaultConfigurationName = Release;
		};
/* End XCConfigurationList section */

/* Begin XCRemoteSwiftPackageReference section */
		F0D39AC02389E49500E9BBC9 /* XCRemoteSwiftPackageReference "SwiftProcessing" */ = {
			isa = XCRemoteSwiftPackageReference;
			repositoryURL = "https://github.com/jjkaufman/SwiftProcessing.git";
			requirement = {
				kind = revision;
				revision = 29a3f5d5934e43d0b8a54614d6f87bb4c5bf118e;
			};
		};
/* End XCRemoteSwiftPackageReference section */

/* Begin XCSwiftPackageProductDependency section */
		F0D39AC12389E49500E9BBC9 /* SwiftProcessing */ = {
			isa = XCSwiftPackageProductDependency;
			package = F0D39AC02389E49500E9BBC9 /* XCRemoteSwiftPackageReference "SwiftProcessing" */;
			productName = SwiftProcessing;
		};
/* End XCSwiftPackageProductDependency section */
	};
	rootObject = F0D39A9A2389E37500E9BBC9 /* Project object */;
}
